// !$*UTF8*$!
{
	archiveVersion = 1;
	classes = {
	};
	objectVersion = 77;
	objects = {

/* Begin PBXContainerItemProxy section */
		D79E8F962FA8DBEE00B38068 /* PBXContainerItemProxy */ = {
			isa = PBXContainerItemProxy;
			containerPortal = D79E8F7B2FA8DBEC00B38068 /* Project object */;
			proxyType = 1;
			remoteGlobalIDString = D79E8F822FA8DBEC00B38068;
			remoteInfo = WeatherNotes;
		};
		D79E8FA02FA8DBEE00B38068 /* PBXContainerItemProxy */ = {
			isa = PBXContainerItemProxy;
			containerPortal = D79E8F7B2FA8DBEC00B38068 /* Project object */;
			proxyType = 1;
			remoteGlobalIDString = D79E8F822FA8DBEC00B38068;
			remoteInfo = WeatherNotes;
		};
/* End PBXContainerItemProxy section */

/* Begin PBXFileReference section */
		D79E8F832FA8DBEC00B38068 /* WeatherNotes.app */ = {isa = PBXFileReference; explicitFileType = wrapper.application; includeInIndex = 0; path = WeatherNotes.app; sourceTree = BUILT_PRODUCTS_DIR; };
		D79E8F952FA8DBEE00B38068 /* WeatherNotesTests.xctest */ = {isa = PBXFileReference; explicitFileType = wrapper.cfbundle; includeInIndex = 0; path = WeatherNotesTests.xctest; sourceTree = BUILT_PRODUCTS_DIR; };
		D79E8F9F2FA8DBEE00B38068 /* WeatherNotesUITests.xctest */ = {isa = PBXFileReference; explicitFileType = wrapper.cfbundle; includeInIndex = 0; path = WeatherNotesUITests.xctest; sourceTree = BUILT_PRODUCTS_DIR; };
/* End PBXFileReference section */

/* Begin PBXFileSystemSynchronizedBuildFileExceptionSet section */
		D79E91272FA901BF00B38068 /* Exceptions for "WeatherNotes" folder in "WeatherNotes" target */ = {
			isa = PBXFileSystemSynchronizedBuildFileExceptionSet;
			membershipExceptions = (
				Resources/Info.plist,
			);
			target = D79E8F822FA8DBEC00B38068 /* WeatherNotes */;
		};
/* End PBXFileSystemSynchronizedBuildFileExceptionSet section */

/* Begin PBXFileSystemSynchronizedRootGroup section */
		D79E8F852FA8DBEC00B38068 /* WeatherNotes */ = {
			isa = PBXFileSystemSynchronizedRootGroup;
			exceptions = (
				D79E91272FA901BF00B38068 /* Exceptions for "WeatherNotes" folder in "WeatherNotes" target */,
			);
			path = WeatherNotes;
			sourceTree = "<group>";
		};
		D79E8F982FA8DBEE00B38068 /* WeatherNotesTests */ = {
			isa = PBXFileSystemSynchronizedRootGroup;
			path = WeatherNotesTests;
			sourceTree = "<group>";
		};
		D79E8FA22FA8DBEE00B38068 /* WeatherNotesUITests */ = {
			isa = PBXFileSystemSynchronizedRootGroup;
			path = WeatherNotesUITests;
			sourceTree = "<group>";
		};
/* End PBXFileSystemSynchronizedRootGroup section */

/* Begin PBXFrameworksBuildPhase section */
		D79E8F802FA8DBEC00B38068 /* Frameworks */ = {
			isa = PBXFrameworksBuildPhase;
			buildActionMask = 2147483647;
			files = (
			);
			runOnlyForDeploymentPostprocessing = 0;
		};
		D79E8F922FA8DBEE00B38068 /* Frameworks */ = {
			isa = PBXFrameworksBuildPhase;
			buildActionMask = 2147483647;
			files = (
			);
			runOnlyForDeploymentPostprocessing = 0;
		};
		D79E8F9C2FA8DBEE00B38068 /* Frameworks */ = {
			isa = PBXFrameworksBuildPhase;
			buildActionMask = 2147483647;
			files = (
			);
			runOnlyForDeploymentPostprocessing = 0;
		};
/* End PBXFrameworksBuildPhase section */

/* Begin PBXGroup section */
		D79E8F7A2FA8DBEC00B38068 = {
			isa = PBXGroup;
			children = (
				D79E8F852FA8DBEC00B38068 /* WeatherNotes */,
				D79E8F982FA8DBEE00B38068 /* WeatherNotesTests */,
				D79E8FA22FA8DBEE00B38068 /* WeatherNotesUITests */,
				D79E8F842FA8DBEC00B38068 /* Products */,
			);
			sourceTree = "<group>";
		};
		D79E8F842FA8DBEC00B38068 /* Products */ = {
			isa = PBXGroup;
			children = (
				D79E8F832FA8DBEC00B38068 /* WeatherNotes.app */,
				D79E8F952FA8DBEE00B38068 /* WeatherNotesTests.xctest */,
				D79E8F9F2FA8DBEE00B38068 /* WeatherNotesUITests.xctest */,
			);
			name = Products;
			sourceTree = "<group>";
		};
/* End PBXGroup section */

/* Begin PBXNativeTarget section */
		D79E8F822FA8DBEC00B38068 /* WeatherNotes */ = {
			isa = PBXNativeTarget;
			buildConfigurationList = D79E8FA92FA8DBEE00B38068 /* Build configuration list for PBXNativeTarget "WeatherNotes" */;
			buildPhases = (
				D79E8F7F2FA8DBEC00B38068 /* Sources */,
				D79E8F802FA8DBEC00B38068 /* Frameworks */,
				D79E8F812FA8DBEC00B38068 /* Resources */,
			);
			buildRules = (
			);
			dependencies = (
			);
			fileSystemSynchronizedGroups = (
				D79E8F852FA8DBEC00B38068 /* WeatherNotes */,
			);
			name = WeatherNotes;
			packageProductDependencies = (
			);
			productName = WeatherNotes;
			productReference = D79E8F832FA8DBEC00B38068 /* WeatherNotes.app */;
			productType = "com.apple.product-type.application";
		};
		D79E8F942FA8DBEE00B38068 /* WeatherNotesTests */ = {
			isa = PBXNativeTarget;
			buildConfigurationList = D79E8FAC2FA8DBEE00B38068 /* Build configuration list for PBXNativeTarget "WeatherNotesTests" */;
			buildPhases = (
				D79E8F912FA8DBEE00B38068 /* Sources */,
				D79E8F922FA8DBEE00B38068 /* Frameworks */,
				D79E8F932FA8DBEE00B38068 /* Resources */,
			);
			buildRules = (
			);
			dependencies = (
				D79E8F972FA8DBEE00B38068 /* PBXTargetDependency */,
			);
			fileSystemSynchronizedGroups = (
				D79E8F982FA8DBEE00B38068 /* WeatherNotesTests */,
			);
			name = WeatherNotesTests;
			packageProductDependencies = (
			);
			productName = WeatherNotesTests;
			productReference = D79E8F952FA8DBEE00B38068 /* WeatherNotesTests.xctest */;
			productType = "com.apple.product-type.bundle.unit-test";
		};
		D79E8F9E2FA8DBEE00B38068 /* WeatherNotesUITests */ = {
			isa = PBXNativeTarget;
			buildConfigurationList = D79E8FAF2FA8DBEE00B38068 /* Build configuration list for PBXNativeTarget "WeatherNotesUITests" */;
			buildPhases = (
				D79E8F9B2FA8DBEE00B38068 /* Sources */,
				D79E8F9C2FA8DBEE00B38068 /* Frameworks */,
				D79E8F9D2FA8DBEE00B38068 /* Resources */,
			);
			buildRules = (
			);
			dependencies = (
				D79E8FA12FA8DBEE00B38068 /* PBXTargetDependency */,
			);
			fileSystemSynchronizedGroups = (
				D79E8FA22FA8DBEE00B38068 /* WeatherNotesUITests */,
			);
			name = WeatherNotesUITests;
			packageProductDependencies = (
			);
			productName = WeatherNotesUITests;
			productReference = D79E8F9F2FA8DBEE00B38068 /* WeatherNotesUITests.xctest */;
			productType = "com.apple.product-type.bundle.ui-testing";
		};
/* End PBXNativeTarget section */

/* Begin PBXProject section */
		D79E8F7B2FA8DBEC00B38068 /* Project object */ = {
			isa = PBXProject;
			attributes = {
				BuildIndependentTargetsInParallel = 1;
				LastSwiftUpdateCheck = 2640;
				LastUpgradeCheck = 2640;
				TargetAttributes = {
					D79E8F822FA8DBEC00B38068 = {
						CreatedOnToolsVersion = 26.4.1;
					};
					D79E8F942FA8DBEE00B38068 = {
						CreatedOnToolsVersion = 26.4.1;
						LastSwiftMigration = 2640;
						TestTargetID = D79E8F822FA8DBEC00B38068;
					};
					D79E8F9E2FA8DBEE00B38068 = {
						CreatedOnToolsVersion = 26.4.1;
						TestTargetID = D79E8F822FA8DBEC00B38068;
					};
				};
			};
			buildConfigurationList = D79E8F7E2FA8DBEC00B38068 /* Build configuration list for PBXProject "WeatherNotes" */;
			developmentRegion = en;
			hasScannedForEncodings = 0;
			knownRegions = (
				en,
				Base,
			);
			mainGroup = D79E8F7A2FA8DBEC00B38068;
			minimizedProjectReferenceProxies = 1;
			preferredProjectObjectVersion = 77;
			productRefGroup = D79E8F842FA8DBEC00B38068 /* Products */;
			projectDirPath = "";
			projectRoot = "";
			targets = (
				D79E8F822FA8DBEC00B38068 /* WeatherNotes */,
				D79E8F942FA8DBEE00B38068 /* WeatherNotesTests */,
				D79E8F9E2FA8DBEE00B38068 /* WeatherNotesUITests */,
			);
		};
/* End PBXProject section */

/* Begin PBXResourcesBuildPhase section */
		D79E8F812FA8DBEC00B38068 /* Resources */ = {
			isa = PBXResourcesBuildPhase;
			buildActionMask = 2147483647;
			files = (
			);
			runOnlyForDeploymentPostprocessing = 0;
		};
		D79E8F932FA8DBEE00B38068 /* Resources */ = {
			isa = PBXResourcesBuildPhase;
			buildActionMask = 2147483647;
			files = (
			);
			runOnlyForDeploymentPostprocessing = 0;
		};
		D79E8F9D2FA8DBEE00B38068 /* Resources */ = {
			isa = PBXResourcesBuildPhase;
			buildActionMask = 2147483647;
			files = (
			);
			runOnlyForDeploymentPostprocessing = 0;
		};
/* End PBXResourcesBuildPhase section */

/* Begin PBXSourcesBuildPhase section */
		D79E8F7F2FA8DBEC00B38068 /* Sources */ = {
			isa = PBXSourcesBuildPhase;
			buildActionMask = 2147483647;
			files = (
			);
			runOnlyForDeploymentPostprocessing = 0;
		};
		D79E8F912FA8DBEE00B38068 /* Sources */ = {
			isa = PBXSourcesBuildPhase;
			buildActionMask = 2147483647;
			files = (
			);
			runOnlyForDeploymentPostprocessing = 0;
		};
		D79E8F9B2FA8DBEE00B38068 /* Sources */ = {
			isa = PBXSourcesBuildPhase;
			buildActionMask = 2147483647;
			files = (
			);
			runOnlyForDeploymentPostprocessing = 0;
		};
/* End PBXSourcesBuildPhase section */

/* Begin PBXTargetDependency section */
		D79E8F972FA8DBEE00B38068 /* PBXTargetDependency */ = {
			isa = PBXTargetDependency;
			target = D79E8F822FA8DBEC00B38068 /* WeatherNotes */;
			targetProxy = D79E8F962FA8DBEE00B38068 /* PBXContainerItemProxy */;
		};
		D79E8FA12FA8DBEE00B38068 /* PBXTargetDependency */ = {
			isa = PBXTargetDependency;
			target = D79E8F822FA8DBEC00B38068 /* WeatherNotes */;
			targetProxy = D79E8FA02FA8DBEE00B38068 /* PBXContainerItemProxy */;
		};
/* End PBXTargetDependency section */

/* Begin XCBuildConfiguration section */
		D79E8FA72FA8DBEE00B38068 /* Debug */ = {
			isa = XCBuildConfiguration;
			buildSettings = {
				ALWAYS_SEARCH_USER_PATHS = NO;
				ASSETCATALOG_COMPILER_GENERATE_SWIFT_ASSET_SYMBOL_EXTENSIONS = YES;
				CLANG_ANALYZER_NONNULL = YES;
				CLANG_ANALYZER_NUMBER_OBJECT_CONVERSION = YES_AGGRESSIVE;
				CLANG_CXX_LANGUAGE_STANDARD = "gnu++20";
				CLANG_ENABLE_MODULES = YES;
				CLANG_ENABLE_OBJC_ARC = YES;
				CLANG_ENABLE_OBJC_WEAK = YES;
				CLANG_WARN_BLOCK_CAPTURE_AUTORELEASING = YES;
				CLANG_WARN_BOOL_CONVERSION = YES;
				CLANG_WARN_COMMA = YES;
				CLANG_WARN_CONSTANT_CONVERSION = YES;
				CLANG_WARN_DEPRECATED_OBJC_IMPLEMENTATIONS = YES;
				CLANG_WARN_DIRECT_OBJC_ISA_USAGE = YES_ERROR;
				CLANG_WARN_DOCUMENTATION_COMMENTS = YES;
				CLANG_WARN_EMPTY_BODY = YES;
				CLANG_WARN_ENUM_CONVERSION = YES;
				CLANG_WARN_INFINITE_RECURSION = YES;
				CLANG_WARN_INT_CONVERSION = YES;
				CLANG_WARN_NON_LITERAL_NULL_CONVERSION = YES;
				CLANG_WARN_OBJC_IMPLICIT_RETAIN_SELF = YES;
				CLANG_WARN_OBJC_LITERAL_CONVERSION = YES;
				CLANG_WARN_OBJC_ROOT_CLASS = YES_ERROR;
				CLANG_WARN_QUOTED_INCLUDE_IN_FRAMEWORK_HEADER = YES;
				CLANG_WARN_RANGE_LOOP_ANALYSIS = YES;
				CLANG_WARN_STRICT_PROTOTYPES = YES;
				CLANG_WARN_SUSPICIOUS_MOVE = YES;
				CLANG_WARN_UNGUARDED_AVAILABILITY = YES_AGGRESSIVE;
				CLANG_WARN_UNREACHABLE_CODE = YES;
				CLANG_WARN__DUPLICATE_METHOD_MATCH = YES;
				COPY_PHASE_STRIP = NO;
				DEBUG_INFORMATION_FORMAT = dwarf;
				ENABLE_STRICT_OBJC_MSGSEND = YES;
				ENABLE_TESTABILITY = YES;
				ENABLE_USER_SCRIPT_SANDBOXING = YES;
				GCC_C_LANGUAGE_STANDARD = gnu17;
				GCC_DYNAMIC_NO_PIC = NO;
				GCC_NO_COMMON_BLOCKS = YES;
				GCC_OPTIMIZATION_LEVEL = 0;
				GCC_PREPROCESSOR_DEFINITIONS = (
					"DEBUG=1",
					"$(inherited)",
				);
				GCC_WARN_64_TO_32_BIT_CONVERSION = YES;
				GCC_WARN_ABOUT_RETURN_TYPE = YES_ERROR;
				GCC_WARN_UNDECLARED_SELECTOR = YES;
				GCC_WARN_UNINITIALIZED_AUTOS = YES_AGGRESSIVE;
				GCC_WARN_UNUSED_FUNCTION = YES;
				GCC_WARN_UNUSED_VARIABLE = YES;
				INFOPLIST_FILE = WeatherNotes/Resources/Info.plist;
				INFOPLIST_KEY_NSLocationWhenInUseUsageDescription = "";
				IPHONEOS_DEPLOYMENT_TARGET = 26.4;
				LOCALIZATION_PREFERS_STRING_CATALOGS = YES;
				MTL_ENABLE_DEBUG_INFO = INCLUDE_SOURCE;
				MTL_FAST_MATH = YES;
				ONLY_ACTIVE_ARCH = YES;
				SDKROOT = iphoneos;
				SWIFT_ACTIVE_COMPILATION_CONDITIONS = "DEBUG $(inherited)";
				SWIFT_OPTIMIZATION_LEVEL = "-Onone";
			};
			name = Debug;
		};
		D79E8FA82FA8DBEE00B38068 /* Release */ = {
			isa = XCBuildConfiguration;
			buildSettings = {
				ALWAYS_SEARCH_USER_PATHS = NO;
				ASSETCATALOG_COMPILER_GENERATE_SWIFT_ASSET_SYMBOL_EXTENSIONS = YES;
				CLANG_ANALYZER_NONNULL = YES;
				CLANG_ANALYZER_NUMBER_OBJECT_CONVERSION = YES_AGGRESSIVE;
				CLANG_CXX_LANGUAGE_STANDARD = "gnu++20";
				CLANG_ENABLE_MODULES = YES;
				CLANG_ENABLE_OBJC_ARC = YES;
				CLANG_ENABLE_OBJC_WEAK = YES;
				CLANG_WARN_BLOCK_CAPTURE_AUTORELEASING = YES;
				CLANG_WARN_BOOL_CONVERSION = YES;
				CLANG_WARN_COMMA = YES;
				CLANG_WARN_CONSTANT_CONVERSION = YES;
				CLANG_WARN_DEPRECATED_OBJC_IMPLEMENTATIONS = YES;
				CLANG_WARN_DIRECT_OBJC_ISA_USAGE = YES_ERROR;
				CLANG_WARN_DOCUMENTATION_COMMENTS = YES;
				CLANG_WARN_EMPTY_BODY = YES;
				CLANG_WARN_ENUM_CONVERSION = YES;
				CLANG_WARN_INFINITE_RECURSION = YES;
				CLANG_WARN_INT_CONVERSION = YES;
				CLANG_WARN_NON_LITERAL_NULL_CONVERSION = YES;
				CLANG_WARN_OBJC_IMPLICIT_RETAIN_SELF = YES;
				CLANG_WARN_OBJC_LITERAL_CONVERSION = YES;
				CLANG_WARN_OBJC_ROOT_CLASS = YES_ERROR;
				CLANG_WARN_QUOTED_INCLUDE_IN_FRAMEWORK_HEADER = YES;
				CLANG_WARN_RANGE_LOOP_ANALYSIS = YES;
				CLANG_WARN_STRICT_PROTOTYPES = YES;
				CLANG_WARN_SUSPICIOUS_MOVE = YES;
				CLANG_WARN_UNGUARDED_AVAILABILITY = YES_AGGRESSIVE;
				CLANG_WARN_UNREACHABLE_CODE = YES;
				CLANG_WARN__DUPLICATE_METHOD_MATCH = YES;
				COPY_PHASE_STRIP = NO;
				DEBUG_INFORMATION_FORMAT = "dwarf-with-dsym";
				ENABLE_NS_ASSERTIONS = NO;
				ENABLE_STRICT_OBJC_MSGSEND = YES;
				ENABLE_USER_SCRIPT_SANDBOXING = YES;
				GCC_C_LANGUAGE_STANDARD = gnu17;
				GCC_NO_COMMON_BLOCKS = YES;
				GCC_WARN_64_TO_32_BIT_CONVERSION = YES;
				GCC_WARN_ABOUT_RETURN_TYPE = YES_ERROR;
				GCC_WARN_UNDECLARED_SELECTOR = YES;
				GCC_WARN_UNINITIALIZED_AUTOS = YES_AGGRESSIVE;
				GCC_WARN_UNUSED_FUNCTION = YES;
				GCC_WARN_UNUSED_VARIABLE = YES;
				INFOPLIST_FILE = WeatherNotes/Resources/Info.plist;
				IPHONEOS_DEPLOYMENT_TARGET = 26.4;
				LOCALIZATION_PREFERS_STRING_CATALOGS = YES;
				MTL_ENABLE_DEBUG_INFO = NO;
				MTL_FAST_MATH = YES;
				SDKROOT = iphoneos;
				SWIFT_COMPILATION_MODE = wholemodule;
				VALIDATE_PRODUCT = YES;
			};
			name = Release;
		};
		D79E8FAA2FA8DBEE00B38068 /* Debug */ = {
			isa = XCBuildConfiguration;
			baseConfigurationReferenceAnchor = D79E8F852FA8DBEC00B38068 /* WeatherNotes */;
			baseConfigurationReferenceRelativePath = Resources/Secrets.xcconfig;
			buildSettings = {
				ASSETCATALOG_COMPILER_APPICON_NAME = AppIcon;
				ASSETCATALOG_COMPILER_GLOBAL_ACCENT_COLOR_NAME = AccentColor;
				CODE_SIGN_STYLE = Automatic;
				CURRENT_PROJECT_VERSION = 1;
				ENABLE_PREVIEWS = YES;
				GENERATE_INFOPLIST_FILE = YES;
				INFOPLIST_FILE = WeatherNotes/Resources/Info.plist;
				INFOPLIST_KEY_NSLocationWhenInUseUsageDescription = "";
				INFOPLIST_KEY_UIApplicationSceneManifest_Generation = YES;
				INFOPLIST_KEY_UIApplicationSupportsIndirectInputEvents = YES;
				INFOPLIST_KEY_UILaunchScreen_Generation = YES;
				INFOPLIST_KEY_UISupportedInterfaceOrientations_iPad = "UIInterfaceOrientationPortrait UIInterfaceOrientationPortraitUpsideDown UIInterfaceOrientationLandscapeLeft UIInterfaceOrientationLandscapeRight";
				INFOPLIST_KEY_UISupportedInterfaceOrientations_iPhone = "UIInterfaceOrientationPortrait UIInterfaceOrientationLandscapeLeft UIInterfaceOrientationLandscapeRight";
				LD_RUNPATH_SEARCH_PATHS = (
					"$(inherited)",
					"@executable_path/Frameworks",
				);
				MARKETING_VERSION = 1.0;
				PRODUCT_BUNDLE_IDENTIFIER = newui.WeatherNotes;
				PRODUCT_NAME = "$(TARGET_NAME)";
				STRING_CATALOG_GENERATE_SYMBOLS = YES;
				SWIFT_APPROACHABLE_CONCURRENCY = YES;
				SWIFT_DEFAULT_ACTOR_ISOLATION = MainActor;
				SWIFT_EMIT_LOC_STRINGS = YES;
				SWIFT_UPCOMING_FEATURE_MEMBER_IMPORT_VISIBILITY = YES;
				SWIFT_VERSION = 5.0;
				TARGETED_DEVICE_FAMILY = "1,2";
			};
			name = Debug;
		};
		D79E8FAB2FA8DBEE00B38068 /* Release */ = {
			isa = XCBuildConfiguration;
			baseConfigurationReferenceAnchor = D79E8F852FA8DBEC00B38068 /* WeatherNotes */;
			baseConfigurationReferenceRelativePath = Resources/Secrets.xcconfig;
			buildSettings = {
				ASSETCATALOG_COMPILER_APPICON_NAME = AppIcon;
				ASSETCATALOG_COMPILER_GLOBAL_ACCENT_COLOR_NAME = AccentColor;
				CODE_SIGN_STYLE = Automatic;
				CURRENT_PROJECT_VERSION = 1;
				ENABLE_PREVIEWS = YES;
				GENERATE_INFOPLIST_FILE = YES;
				INFOPLIST_FILE = WeatherNotes/Resources/Info.plist;
				INFOPLIST_KEY_NSLocationWhenInUseUsageDescription = "";
				INFOPLIST_KEY_UIApplicationSceneManifest_Generation = YES;
				INFOPLIST_KEY_UIApplicationSupportsIndirectInputEvents = YES;
				INFOPLIST_KEY_UILaunchScreen_Generation = YES;
				INFOPLIST_KEY_UISupportedInterfaceOrientations_iPad = "UIInterfaceOrientationPortrait UIInterfaceOrientationPortraitUpsideDown UIInterfaceOrientationLandscapeLeft UIInterfaceOrientationLandscapeRight";
				INFOPLIST_KEY_UISupportedInterfaceOrientations_iPhone = "UIInterfaceOrientationPortrait UIInterfaceOrientationLandscapeLeft UIInterfaceOrientationLandscapeRight";
				LD_RUNPATH_SEARCH_PATHS = (
					"$(inherited)",
					"@executable_path/Frameworks",
				);
				MARKETING_VERSION = 1.0;
				PRODUCT_BUNDLE_IDENTIFIER = newui.WeatherNotes;
				PRODUCT_NAME = "$(TARGET_NAME)";
				STRING_CATALOG_GENERATE_SYMBOLS = YES;
				SWIFT_APPROACHABLE_CONCURRENCY = YES;
				SWIFT_DEFAULT_ACTOR_ISOLATION = MainActor;
				SWIFT_EMIT_LOC_STRINGS = YES;
				SWIFT_UPCOMING_FEATURE_MEMBER_IMPORT_VISIBILITY = YES;
				SWIFT_VERSION = 5.0;
				TARGETED_DEVICE_FAMILY = "1,2";
			};
			name = Release;
		};
		D79E8FAD2FA8DBEE00B38068 /* Debug */ = {
			isa = XCBuildConfiguration;
			baseConfigurationReferenceAnchor = D79E8F852FA8DBEC00B38068 /* WeatherNotes */;
			baseConfigurationReferenceRelativePath = Resources/Secrets.xcconfig;
			buildSettings = {
				BUNDLE_LOADER = "$(TEST_HOST)";
				CLANG_ENABLE_MODULES = YES;
				CODE_SIGN_STYLE = Automatic;
				CURRENT_PROJECT_VERSION = 1;
				GENERATE_INFOPLIST_FILE = YES;
				IPHONEOS_DEPLOYMENT_TARGET = 26.4;
				MARKETING_VERSION = 1.0;
				PRODUCT_BUNDLE_IDENTIFIER = newui.WeatherNotesTests;
				PRODUCT_NAME = "$(TARGET_NAME)";
				STRING_CATALOG_GENERATE_SYMBOLS = NO;
				SWIFT_APPROACHABLE_CONCURRENCY = YES;
				SWIFT_EMIT_LOC_STRINGS = NO;
				SWIFT_OPTIMIZATION_LEVEL = "-Onone";
				SWIFT_UPCOMING_FEATURE_MEMBER_IMPORT_VISIBILITY = YES;
				SWIFT_VERSION = 5.0;
				TARGETED_DEVICE_FAMILY = "1,2";
				TEST_HOST = "$(BUILT_PRODUCTS_DIR)/WeatherNotes.app/$(BUNDLE_EXECUTABLE_FOLDER_PATH)/WeatherNotes";
			};
			name = Debug;
		};
		D79E8FAE2FA8DBEE00B38068 /* Release */ = {
			isa = XCBuildConfiguration;
			baseConfigurationReferenceAnchor = D79E8F852FA8DBEC00B38068 /* WeatherNotes */;
			baseConfigurationReferenceRelativePath = Resources/Secrets.xcconfig;
			buildSettings = {
				BUNDLE_LOADER = "$(TEST_HOST)";
				CLANG_ENABLE_MODULES = YES;
				CODE_SIGN_STYLE = Automatic;
				CURRENT_PROJECT_VERSION = 1;
				GENERATE_INFOPLIST_FILE = YES;
				IPHONEOS_DEPLOYMENT_TARGET = 26.4;
				MARKETING_VERSION = 1.0;
				PRODUCT_BUNDLE_IDENTIFIER = newui.WeatherNotesTests;
				PRODUCT_NAME = "$(TARGET_NAME)";
				STRING_CATALOG_GENERATE_SYMBOLS = NO;
				SWIFT_APPROACHABLE_CONCURRENCY = YES;
				SWIFT_EMIT_LOC_STRINGS = NO;
				SWIFT_UPCOMING_FEATURE_MEMBER_IMPORT_VISIBILITY = YES;
				SWIFT_VERSION = 5.0;
				TARGETED_DEVICE_FAMILY = "1,2";
				TEST_HOST = "$(BUILT_PRODUCTS_DIR)/WeatherNotes.app/$(BUNDLE_EXECUTABLE_FOLDER_PATH)/WeatherNotes";
			};
			name = Release;
		};
		D79E8FB02FA8DBEE00B38068 /* Debug */ = {
			isa = XCBuildConfiguration;
			baseConfigurationReferenceAnchor = D79E8F852FA8DBEC00B38068 /* WeatherNotes */;
			baseConfigurationReferenceRelativePath = Resources/Secrets.xcconfig;
			buildSettings = {
				CODE_SIGN_STYLE = Automatic;
				CURRENT_PROJECT_VERSION = 1;
				GENERATE_INFOPLIST_FILE = YES;
				MARKETING_VERSION = 1.0;
				PRODUCT_BUNDLE_IDENTIFIER = newui.WeatherNotesUITests;
				PRODUCT_NAME = "$(TARGET_NAME)";
				STRING_CATALOG_GENERATE_SYMBOLS = NO;
				SWIFT_APPROACHABLE_CONCURRENCY = YES;
				SWIFT_EMIT_LOC_STRINGS = NO;
				SWIFT_UPCOMING_FEATURE_MEMBER_IMPORT_VISIBILITY = YES;
				SWIFT_VERSION = 5.0;
				TARGETED_DEVICE_FAMILY = "1,2";
				TEST_TARGET_NAME = WeatherNotes;
			};
			name = Debug;
		};
		D79E8FB12FA8DBEE00B38068 /* Release */ = {
			isa = XCBuildConfiguration;
			baseConfigurationReferenceAnchor = D79E8F852FA8DBEC00B38068 /* WeatherNotes */;
			baseConfigurationReferenceRelativePath = Resources/Secrets.xcconfig;
			buildSettings = {
				CODE_SIGN_STYLE = Automatic;
				CURRENT_PROJECT_VERSION = 1;
				GENERATE_INFOPLIST_FILE = YES;
				MARKETING_VERSION = 1.0;
				PRODUCT_BUNDLE_IDENTIFIER = newui.WeatherNotesUITests;
				PRODUCT_NAME = "$(TARGET_NAME)";
				STRING_CATALOG_GENERATE_SYMBOLS = NO;
				SWIFT_APPROACHABLE_CONCURRENCY = YES;
				SWIFT_EMIT_LOC_STRINGS = NO;
				SWIFT_UPCOMING_FEATURE_MEMBER_IMPORT_VISIBILITY = YES;
				SWIFT_VERSION = 5.0;
				TARGETED_DEVICE_FAMILY = "1,2";
				TEST_TARGET_NAME = WeatherNotes;
			};
			name = Release;
		};
/* End XCBuildConfiguration section */

/* Begin XCConfigurationList section */
		D79E8F7E2FA8DBEC00B38068 /* Build configuration list for PBXProject "WeatherNotes" */ = {
			isa = XCConfigurationList;
			buildConfigurations = (
				D79E8FA72FA8DBEE00B38068 /* Debug */,
				D79E8FA82FA8DBEE00B38068 /* Release */,
			);
			defaultConfigurationIsVisible = 0;
			defaultConfigurationName = Release;
		};
		D79E8FA92FA8DBEE00B38068 /* Build configuration list for PBXNativeTarget "WeatherNotes" */ = {
			isa = XCConfigurationList;
			buildConfigurations = (
				D79E8FAA2FA8DBEE00B38068 /* Debug */,
				D79E8FAB2FA8DBEE00B38068 /* Release */,
			);
			defaultConfigurationIsVisible = 0;
			defaultConfigurationName = Release;
		};
		D79E8FAC2FA8DBEE00B38068 /* Build configuration list for PBXNativeTarget "WeatherNotesTests" */ = {
			isa = XCConfigurationList;
			buildConfigurations = (
				D79E8FAD2FA8DBEE00B38068 /* Debug */,
				D79E8FAE2FA8DBEE00B38068 /* Release */,
			);
			defaultConfigurationIsVisible = 0;
			defaultConfigurationName = Release;
		};
		D79E8FAF2FA8DBEE00B38068 /* Build configuration list for PBXNativeTarget "WeatherNotesUITests" */ = {
			isa = XCConfigurationList;
			buildConfigurations = (
				D79E8FB02FA8DBEE00B38068 /* Debug */,
				D79E8FB12FA8DBEE00B38068 /* Release */,
			);
			defaultConfigurationIsVisible = 0;
			defaultConfigurationName = Release;
		};
/* End XCConfigurationList section */
	};
	rootObject = D79E8F7B2FA8DBEC00B38068 /* Project object */;
}
